
Microsoft Visual Studio Solution File, Format Version 12.00
# Visual Studio Version 17
VisualStudioVersion = 17.5.002.0
MinimumVisualStudioVersion = 10.0.40219.1
Project("{9A19103F-16F7-4668-BE54-9A1E7A4F7556}") = "Method OVERLOADİNG", "Method OVERLOADİNG.csproj", "{E5D7E2A5-DCA5-4EB6-BBF4-92DDD91527AD}"
EndProject
Global
	GlobalSection(SolutionConfigurationPlatforms) = preSolution
		Debug|Any CPU = Debug|Any CPU
		Release|Any CPU = Release|Any CPU
	EndGlobalSection
	GlobalSection(ProjectConfigurationPlatforms) = postSolution
		{E5D7E2A5-DCA5-4EB6-BBF4-92DDD91527AD}.Debug|Any CPU.ActiveCfg = Debug|Any CPU
		{E5D7E2A5-DCA5-4EB6-BBF4-92DDD91527AD}.Debug|Any CPU.Build.0 = Debug|Any CPU
		{E5D7E2A5-DCA5-4EB6-BBF4-92DDD91527AD}.Release|Any CPU.ActiveCfg = Release|Any CPU
		{E5D7E2A5-DCA5-4EB6-BBF4-92DDD91527AD}.Release|Any CPU.Build.0 = Release|Any CPU
	EndGlobalSection
	GlobalSection(SolutionProperties) = preSolution
		HideSolutionNode = FALSE
	EndGlobalSection
	GlobalSection(ExtensibilityGlobals) = postSolution
		SolutionGuid = {F2E4D9F2-9901-4096-8DF7-1E9CDF994784}
	EndGlobalSection
EndGlobal
